{
  "version": 4,
  "terraform_version": "1.10.5",
  "serial": 1,
  "lineage": "55094178-47fc-2c47-5860-a77d9cb9b078",
  "outputs": {},
  "resources": [
    {
      "mode": "managed",
      "type": "oci_core_virtual_network",
      "name": "example_vcn",
      "provider": "provider[\"registry.terraform.io/hashicorp/oci\"]",
      "instances": [
        {
          "schema_version": 0,
          "attributes": {
            "byoipv6cidr_blocks": [],
            "byoipv6cidr_details": null,
            "cidr_block": "10.2.0.0/16",
            "cidr_blocks": [
              "10.2.0.0/16"
            ],
            "compartment_id": "ocid1.compartment.oc1..aaaaaaaaf6wh2c7zfuqfvbvdvtjivr3hwik3dsxdp3zlccf7hfsu4l2s6ssq",
            "default_dhcp_options_id": "ocid1.dhcpoptions.oc1.ap-sydney-1.aaaaaaaaukwyrw4z4nj6wvq7pgf3riao42dm3rh2pbjp3okegald7spfwvta",
            "default_route_table_id": "ocid1.routetable.oc1.ap-sydney-1.aaaaaaaajy76zt5c2xuaxojpzhfr2jxrswh2ysanopqogxasx6wydda46g3q",
            "default_security_list_id": "ocid1.securitylist.oc1.ap-sydney-1.aaaaaaaasvuuksatptibsbczha64pgmpugpbbltrw55kgao4wewvmwpqlu7q",
            "defined_tags": {
              "Oracle-Tags.CreatedBy": "deloitteadvisorycyberdomain/jatimalhotra@deloitte.com",
              "Oracle-Tags.CreatedOn": "2025-05-31T10:47:32.456Z",
              "root.created_by": "deloitteadvisorycyberdomain/jatimalhotra@deloitte.com",
              "root.created_on": "2025-05-31T10:47:32.454Z"
            },
            "display_name": "example-vcn",
            "dns_label": null,
            "freeform_tags": {},
            "id": "ocid1.vcn.oc1.ap-sydney-1.amaaaaaar7fyw2qaueinhzxm3fgz2atsdwvpelxc45dpvpoj3r6tf2qlpkca",
            "ipv6cidr_blocks": [],
            "ipv6private_cidr_blocks": [],
            "is_ipv6enabled": false,
            "is_oracle_gua_allocation_enabled": null,
            "security_attributes": {},
            "state": "AVAILABLE",
            "time_created": "2025-05-31 10:47:32.509 +0000 UTC",
            "timeouts": null,
            "vcn_domain_name": null
          },
          "sensitive_attributes": [],
          "private": "eyJlMmJmYjczMC1lY2FhLTExZTYtOGY4OC0zNDM2M2JjN2M0YzAiOnsiY3JlYXRlIjoxMjAwMDAwMDAwMDAwLCJkZWxldGUiOjEyMDAwMDAwMDAwMDAsInVwZGF0ZSI6MTIwMDAwMDAwMDAwMH19"
        }
      ]
    }
  ],
  "check_results": null
}
